// !$*UTF8*$!
{
	archiveVersion = 1;
	classes = {
	};
	objectVersion = 50;
	objects = {

/* Begin PBXBuildFile section */
		8D25D248254447F200E9ACDD /* EventListView.swift in Sources */ = {isa = PBXBuildFile; fileRef = 8D25D247254447F200E9ACDD /* EventListView.swift */; };
		8D543B6F2529ACAC00A64939 /* CalendarChoiceCalendarApp.swift in Sources */ = {isa = PBXBuildFile; fileRef = 8D543B6E2529ACAC00A64939 /* CalendarChoiceCalendarApp.swift */; };
		8D543B712529ACAC00A64939 /* ContentView.swift in Sources */ = {isa = PBXBuildFile; fileRef = 8D543B702529ACAC00A64939 /* ContentView.swift */; };
		8D543B732529ACAD00A64939 /* Assets.xcassets in Resources */ = {isa = PBXBuildFile; fileRef = 8D543B722529ACAD00A64939 /* Assets.xcassets */; };
		8D543B762529ACAD00A64939 /* Preview Assets.xcassets in Resources */ = {isa = PBXBuildFile; fileRef = 8D543B752529ACAD00A64939 /* Preview Assets.xcassets */; };
		8D543B782529ACAD00A64939 /* Persistence.swift in Sources */ = {isa = PBXBuildFile; fileRef = 8D543B772529ACAD00A64939 /* Persistence.swift */; };
		8D543B7B2529ACAD00A64939 /* CalendarChoiceCalendar.xcdatamodeld in Sources */ = {isa = PBXBuildFile; fileRef = 8D543B792529ACAD00A64939 /* CalendarChoiceCalendar.xcdatamodeld */; };
		8D543B842529DF7F00A64939 /* MainView.swift in Sources */ = {isa = PBXBuildFile; fileRef = 8D543B832529DF7F00A64939 /* MainView.swift */; };
		8D543B882529E22300A64939 /* EventsModel.swift in Sources */ = {isa = PBXBuildFile; fileRef = 8D543B872529E22300A64939 /* EventsModel.swift */; };
		8D543B8E252CA13600A64939 /* Localizable.strings in Resources */ = {isa = PBXBuildFile; fileRef = 8D543B90252CA13600A64939 /* Localizable.strings */; };
		8D543B9B252D1A7900A64939 /* WidgetKit.framework in Frameworks */ = {isa = PBXBuildFile; fileRef = 8D543B9A252D1A7900A64939 /* WidgetKit.framework */; };
		8D543B9D252D1A7900A64939 /* SwiftUI.framework in Frameworks */ = {isa = PBXBuildFile; fileRef = 8D543B9C252D1A7900A64939 /* SwiftUI.framework */; };
		8D543BA0252D1A7900A64939 /* Choi_Cal.swift in Sources */ = {isa = PBXBuildFile; fileRef = 8D543B9F252D1A7900A64939 /* Choi_Cal.swift */; };
		8D543BA3252D1A7A00A64939 /* Assets.xcassets in Resources */ = {isa = PBXBuildFile; fileRef = 8D543BA2252D1A7A00A64939 /* Assets.xcassets */; };
		8D543BA9252D1A7A00A64939 /* Choi-CalExtension.appex in Embed App Extensions */ = {isa = PBXBuildFile; fileRef = 8D543B98252D1A7900A64939 /* Choi-CalExtension.appex */; settings = {ATTRIBUTES = (RemoveHeadersOnCopy, ); }; };
		8D753D542563287B007386CB /* SettingView.swift in Sources */ = {isa = PBXBuildFile; fileRef = 8D753D532563287B007386CB /* SettingView.swift */; };
		8D7D268B254D82D000853530 /* Choi_Cal.intentdefinition in Sources */ = {isa = PBXBuildFile; fileRef = 8D7D268A254D82D000853530 /* Choi_Cal.intentdefinition */; };
		8D7D275F254D877C00853530 /* IntentHandler.swift in Sources */ = {isa = PBXBuildFile; fileRef = 8D7D275E254D877C00853530 /* IntentHandler.swift */; };
		8D7D2773254D877C00853530 /* CalendarIntent.appex in Embed App Extensions */ = {isa = PBXBuildFile; fileRef = 8D7D275C254D877C00853530 /* CalendarIntent.appex */; settings = {ATTRIBUTES = (RemoveHeadersOnCopy, ); }; };
		8D91C4D5253DBC54006ABF39 /* NextEventView.swift in Sources */ = {isa = PBXBuildFile; fileRef = 8D91C4D4253DBC54006ABF39 /* NextEventView.swift */; };
		8D91C4D9253DBF2E006ABF39 /* CalendarView.swift in Sources */ = {isa = PBXBuildFile; fileRef = 8D91C4D8253DBF2E006ABF39 /* CalendarView.swift */; };
		8DA8139F259E9A0800E5649C /* CopyEventView.swift in Sources */ = {isa = PBXBuildFile; fileRef = 8DA8139E259E9A0800E5649C /* CopyEventView.swift */; };
		8DB3F29F2608BEDC00E278C6 /* InfoPlist.strings in Resources */ = {isa = PBXBuildFile; fileRef = 8DB3F2A12608BEDC00E278C6 /* InfoPlist.strings */; };
		8DBAE35025589C2600C1AA1D /* Choi_Cal.intentdefinition in Sources */ = {isa = PBXBuildFile; fileRef = 8D7D268A254D82D000853530 /* Choi_Cal.intentdefinition */; };
/* End PBXBuildFile section */

/* Begin PBXContainerItemProxy section */
		8D543BA7252D1A7A00A64939 /* PBXContainerItemProxy */ = {
			isa = PBXContainerItemProxy;
			containerPortal = 8D543B632529ACAC00A64939 /* Project object */;
			proxyType = 1;
			remoteGlobalIDString = 8D543B97252D1A7900A64939;
			remoteInfo = "Choi-CalExtension";
		};
		8D7D2771254D877C00853530 /* PBXContainerItemProxy */ = {
			isa = PBXContainerItemProxy;
			containerPortal = 8D543B632529ACAC00A64939 /* Project object */;
			proxyType = 1;
			remoteGlobalIDString = 8D7D275B254D877C00853530;
			remoteInfo = CalendarIntent;
		};
/* End PBXContainerItemProxy section */

/* Begin PBXCopyFilesBuildPhase section */
		8D543BAD252D1A7A00A64939 /* Embed App Extensions */ = {
			isa = PBXCopyFilesBuildPhase;
			buildActionMask = 2147483647;
			dstPath = "";
			dstSubfolderSpec = 13;
			files = (
				8D7D2773254D877C00853530 /* CalendarIntent.appex in Embed App Extensions */,
				8D543BA9252D1A7A00A64939 /* Choi-CalExtension.appex in Embed App Extensions */,
			);
			name = "Embed App Extensions";
			runOnlyForDeploymentPostprocessing = 0;
		};
/* End PBXCopyFilesBuildPhase section */

/* Begin PBXFileReference section */
		8D25D247254447F200E9ACDD /* EventListView.swift */ = {isa = PBXFileReference; lastKnownFileType = sourcecode.swift; path = EventListView.swift; sourceTree = "<group>"; };
		8D543B6B2529ACAC00A64939 /* CalendarChoiceCalendar.app */ = {isa = PBXFileReference; explicitFileType = wrapper.application; includeInIndex = 0; path = CalendarChoiceCalendar.app; sourceTree = BUILT_PRODUCTS_DIR; };
		8D543B6E2529ACAC00A64939 /* CalendarChoiceCalendarApp.swift */ = {isa = PBXFileReference; lastKnownFileType = sourcecode.swift; path = CalendarChoiceCalendarApp.swift; sourceTree = "<group>"; };
		8D543B702529ACAC00A64939 /* ContentView.swift */ = {isa = PBXFileReference; lastKnownFileType = sourcecode.swift; path = ContentView.swift; sourceTree = "<group>"; };
		8D543B722529ACAD00A64939 /* Assets.xcassets */ = {isa = PBXFileReference; lastKnownFileType = folder.assetcatalog; path = Assets.xcassets; sourceTree = "<group>"; };
		8D543B752529ACAD00A64939 /* Preview Assets.xcassets */ = {isa = PBXFileReference; lastKnownFileType = folder.assetcatalog; path = "Preview Assets.xcassets"; sourceTree = "<group>"; };
		8D543B772529ACAD00A64939 /* Persistence.swift */ = {isa = PBXFileReference; lastKnownFileType = sourcecode.swift; path = Persistence.swift; sourceTree = "<group>"; };
		8D543B7A2529ACAD00A64939 /* CalendarChoiceCalendar.xcdatamodel */ = {isa = PBXFileReference; lastKnownFileType = wrapper.xcdatamodel; path = CalendarChoiceCalendar.xcdatamodel; sourceTree = "<group>"; };
		8D543B7C2529ACAD00A64939 /* Info.plist */ = {isa = PBXFileReference; lastKnownFileType = text.plist.xml; path = Info.plist; sourceTree = "<group>"; };
		8D543B832529DF7F00A64939 /* MainView.swift */ = {isa = PBXFileReference; lastKnownFileType = sourcecode.swift; path = MainView.swift; sourceTree = "<group>"; };
		8D543B872529E22300A64939 /* EventsModel.swift */ = {isa = PBXFileReference; lastKnownFileType = sourcecode.swift; path = EventsModel.swift; sourceTree = "<group>"; };
		8D543B8F252CA13600A64939 /* en */ = {isa = PBXFileReference; lastKnownFileType = text.plist.strings; name = en; path = en.lproj/Localizable.strings; sourceTree = "<group>"; };
		8D543B92252CA16E00A64939 /* ja */ = {isa = PBXFileReference; lastKnownFileType = text.plist.strings; name = ja; path = ja.lproj/Localizable.strings; sourceTree = "<group>"; };
		8D543B98252D1A7900A64939 /* Choi-CalExtension.appex */ = {isa = PBXFileReference; explicitFileType = "wrapper.app-extension"; includeInIndex = 0; path = "Choi-CalExtension.appex"; sourceTree = BUILT_PRODUCTS_DIR; };
		8D543B9A252D1A7900A64939 /* WidgetKit.framework */ = {isa = PBXFileReference; lastKnownFileType = wrapper.framework; name = WidgetKit.framework; path = System/Library/Frameworks/WidgetKit.framework; sourceTree = SDKROOT; };
		8D543B9C252D1A7900A64939 /* SwiftUI.framework */ = {isa = PBXFileReference; lastKnownFileType = wrapper.framework; name = SwiftUI.framework; path = System/Library/Frameworks/SwiftUI.framework; sourceTree = SDKROOT; };
		8D543B9F252D1A7900A64939 /* Choi_Cal.swift */ = {isa = PBXFileReference; lastKnownFileType = sourcecode.swift; path = Choi_Cal.swift; sourceTree = "<group>"; };
		8D543BA2252D1A7A00A64939 /* Assets.xcassets */ = {isa = PBXFileReference; lastKnownFileType = folder.assetcatalog; path = Assets.xcassets; sourceTree = "<group>"; };
		8D543BA4252D1A7A00A64939 /* Info.plist */ = {isa = PBXFileReference; lastKnownFileType = text.plist.xml; path = Info.plist; sourceTree = "<group>"; };
		8D753D532563287B007386CB /* SettingView.swift */ = {isa = PBXFileReference; lastKnownFileType = sourcecode.swift; path = SettingView.swift; sourceTree = "<group>"; };
		8D7D268A254D82D000853530 /* Choi_Cal.intentdefinition */ = {isa = PBXFileReference; fileEncoding = 4; lastKnownFileType = file.intentdefinition; path = Choi_Cal.intentdefinition; sourceTree = "<group>"; };
		8D7D26D4254D85D500853530 /* IntentsUI.framework */ = {isa = PBXFileReference; lastKnownFileType = wrapper.framework; name = IntentsUI.framework; path = System/Library/Frameworks/IntentsUI.framework; sourceTree = SDKROOT; };
		8D7D275C254D877C00853530 /* CalendarIntent.appex */ = {isa = PBXFileReference; explicitFileType = "wrapper.app-extension"; includeInIndex = 0; path = CalendarIntent.appex; sourceTree = BUILT_PRODUCTS_DIR; };
		8D7D275E254D877C00853530 /* IntentHandler.swift */ = {isa = PBXFileReference; lastKnownFileType = sourcecode.swift; path = IntentHandler.swift; sourceTree = "<group>"; };
		8D7D2760254D877C00853530 /* Info.plist */ = {isa = PBXFileReference; lastKnownFileType = text.plist.xml; path = Info.plist; sourceTree = "<group>"; };
		8D91C4D4253DBC54006ABF39 /* NextEventView.swift */ = {isa = PBXFileReference; lastKnownFileType = sourcecode.swift; path = NextEventView.swift; sourceTree = "<group>"; };
		8D91C4D8253DBF2E006ABF39 /* CalendarView.swift */ = {isa = PBXFileReference; lastKnownFileType = sourcecode.swift; path = CalendarView.swift; sourceTree = "<group>"; };
		8DA8139E259E9A0800E5649C /* CopyEventView.swift */ = {isa = PBXFileReference; lastKnownFileType = sourcecode.swift; path = CopyEventView.swift; sourceTree = "<group>"; };
		8DB3F2A02608BEDC00E278C6 /* ja */ = {isa = PBXFileReference; lastKnownFileType = text.plist.strings; name = ja; path = ja.lproj/InfoPlist.strings; sourceTree = "<group>"; };
/* End PBXFileReference section */

/* Begin PBXFrameworksBuildPhase section */
		8D543B682529ACAC00A64939 /* Frameworks */ = {
			isa = PBXFrameworksBuildPhase;
			buildActionMask = 2147483647;
			files = (
			);
			runOnlyForDeploymentPostprocessing = 0;
		};
		8D543B95252D1A7900A64939 /* Frameworks */ = {
			isa = PBXFrameworksBuildPhase;
			buildActionMask = 2147483647;
			files = (
				8D543B9D252D1A7900A64939 /* SwiftUI.framework in Frameworks */,
				8D543B9B252D1A7900A64939 /* WidgetKit.framework in Frameworks */,
			);
			runOnlyForDeploymentPostprocessing = 0;
		};
		8D7D2759254D877C00853530 /* Frameworks */ = {
			isa = PBXFrameworksBuildPhase;
			buildActionMask = 2147483647;
			files = (
			);
			runOnlyForDeploymentPostprocessing = 0;
		};
/* End PBXFrameworksBuildPhase section */

/* Begin PBXGroup section */
		8D543B622529ACAC00A64939 = {
			isa = PBXGroup;
			children = (
				8D543B6D2529ACAC00A64939 /* CalendarChoiceCalendar */,
				8D543B9E252D1A7900A64939 /* Choi-Cal */,
				8D7D275D254D877C00853530 /* CalendarIntent */,
				8D543B99252D1A7900A64939 /* Frameworks */,
				8D543B6C2529ACAC00A64939 /* Products */,
			);
			sourceTree = "<group>";
		};
		8D543B6C2529ACAC00A64939 /* Products */ = {
			isa = PBXGroup;
			children = (
				8D543B6B2529ACAC00A64939 /* CalendarChoiceCalendar.app */,
				8D543B98252D1A7900A64939 /* Choi-CalExtension.appex */,
				8D7D275C254D877C00853530 /* CalendarIntent.appex */,
			);
			name = Products;
			sourceTree = "<group>";
		};
		8D543B6D2529ACAC00A64939 /* CalendarChoiceCalendar */ = {
			isa = PBXGroup;
			children = (
				8D543B6E2529ACAC00A64939 /* CalendarChoiceCalendarApp.swift */,
				8D543B702529ACAC00A64939 /* ContentView.swift */,
				8D543B722529ACAD00A64939 /* Assets.xcassets */,
				8D543B772529ACAD00A64939 /* Persistence.swift */,
				8D543B7C2529ACAD00A64939 /* Info.plist */,
				8DB3F2A12608BEDC00E278C6 /* InfoPlist.strings */,
				8D543B792529ACAD00A64939 /* CalendarChoiceCalendar.xcdatamodeld */,
				8D543B742529ACAD00A64939 /* Preview Content */,
				8D543B832529DF7F00A64939 /* MainView.swift */,
				8D543B872529E22300A64939 /* EventsModel.swift */,
				8D543B90252CA13600A64939 /* Localizable.strings */,
				8D91C4D4253DBC54006ABF39 /* NextEventView.swift */,
				8D91C4D8253DBF2E006ABF39 /* CalendarView.swift */,
				8D25D247254447F200E9ACDD /* EventListView.swift */,
				8D753D532563287B007386CB /* SettingView.swift */,
				8DA8139E259E9A0800E5649C /* CopyEventView.swift */,
			);
			path = CalendarChoiceCalendar;
			sourceTree = "<group>";
		};
		8D543B742529ACAD00A64939 /* Preview Content */ = {
			isa = PBXGroup;
			children = (
				8D543B752529ACAD00A64939 /* Preview Assets.xcassets */,
			);
			path = "Preview Content";
			sourceTree = "<group>";
		};
		8D543B99252D1A7900A64939 /* Frameworks */ = {
			isa = PBXGroup;
			children = (
				8D543B9A252D1A7900A64939 /* WidgetKit.framework */,
				8D543B9C252D1A7900A64939 /* SwiftUI.framework */,
				8D7D26D4254D85D500853530 /* IntentsUI.framework */,
			);
			name = Frameworks;
			sourceTree = "<group>";
		};
		8D543B9E252D1A7900A64939 /* Choi-Cal */ = {
			isa = PBXGroup;
			children = (
				8D543B9F252D1A7900A64939 /* Choi_Cal.swift */,
				8D7D268A254D82D000853530 /* Choi_Cal.intentdefinition */,
				8D543BA2252D1A7A00A64939 /* Assets.xcassets */,
				8D543BA4252D1A7A00A64939 /* Info.plist */,
			);
			path = "Choi-Cal";
			sourceTree = "<group>";
		};
		8D7D275D254D877C00853530 /* CalendarIntent */ = {
			isa = PBXGroup;
			children = (
				8D7D275E254D877C00853530 /* IntentHandler.swift */,
				8D7D2760254D877C00853530 /* Info.plist */,
			);
			path = CalendarIntent;
			sourceTree = "<group>";
		};
/* End PBXGroup section */

/* Begin PBXNativeTarget section */
		8D543B6A2529ACAC00A64939 /* CalendarChoiceCalendar */ = {
			isa = PBXNativeTarget;
			buildConfigurationList = 8D543B7F2529ACAD00A64939 /* Build configuration list for PBXNativeTarget "CalendarChoiceCalendar" */;
			buildPhases = (
				8D543B672529ACAC00A64939 /* Sources */,
				8D543B682529ACAC00A64939 /* Frameworks */,
				8D543B692529ACAC00A64939 /* Resources */,
				8D543BAD252D1A7A00A64939 /* Embed App Extensions */,
			);
			buildRules = (
			);
			dependencies = (
				8D543BA8252D1A7A00A64939 /* PBXTargetDependency */,
				8D7D2772254D877C00853530 /* PBXTargetDependency */,
			);
			name = CalendarChoiceCalendar;
			productName = CalendarChoiceCalendar;
			productReference = 8D543B6B2529ACAC00A64939 /* CalendarChoiceCalendar.app */;
			productType = "com.apple.product-type.application";
		};
		8D543B97252D1A7900A64939 /* Choi-CalExtension */ = {
			isa = PBXNativeTarget;
			buildConfigurationList = 8D543BAA252D1A7A00A64939 /* Build configuration list for PBXNativeTarget "Choi-CalExtension" */;
			buildPhases = (
				8D543B94252D1A7900A64939 /* Sources */,
				8D543B95252D1A7900A64939 /* Frameworks */,
				8D543B96252D1A7900A64939 /* Resources */,
			);
			buildRules = (
			);
			dependencies = (
			);
			name = "Choi-CalExtension";
			productName = "Choi-CalExtension";
			productReference = 8D543B98252D1A7900A64939 /* Choi-CalExtension.appex */;
			productType = "com.apple.product-type.app-extension";
		};
		8D7D275B254D877C00853530 /* CalendarIntent */ = {
			isa = PBXNativeTarget;
			buildConfigurationList = 8D7D2777254D877C00853530 /* Build configuration list for PBXNativeTarget "CalendarIntent" */;
			buildPhases = (
				8D7D2758254D877C00853530 /* Sources */,
				8D7D2759254D877C00853530 /* Frameworks */,
				8D7D275A254D877C00853530 /* Resources */,
			);
			buildRules = (
			);
			dependencies = (
			);
			name = CalendarIntent;
			productName = CalendarIntent;
			productReference = 8D7D275C254D877C00853530 /* CalendarIntent.appex */;
			productType = "com.apple.product-type.app-extension";
		};
/* End PBXNativeTarget section */

/* Begin PBXProject section */
		8D543B632529ACAC00A64939 /* Project object */ = {
			isa = PBXProject;
			attributes = {
				LastSwiftUpdateCheck = 1210;
				LastUpgradeCheck = 1200;
				TargetAttributes = {
					8D543B6A2529ACAC00A64939 = {
						CreatedOnToolsVersion = 12.0.1;
					};
					8D543B97252D1A7900A64939 = {
						CreatedOnToolsVersion = 12.0.1;
					};
					8D7D275B254D877C00853530 = {
						CreatedOnToolsVersion = 12.1;
					};
				};
			};
			buildConfigurationList = 8D543B662529ACAC00A64939 /* Build configuration list for PBXProject "CalendarChoiceCalendar" */;
			compatibilityVersion = "Xcode 9.3";
			developmentRegion = en;
			hasScannedForEncodings = 0;
			knownRegions = (
				en,
				Base,
				ja,
			);
			mainGroup = 8D543B622529ACAC00A64939;
			productRefGroup = 8D543B6C2529ACAC00A64939 /* Products */;
			projectDirPath = "";
			projectRoot = "";
			targets = (
				8D543B6A2529ACAC00A64939 /* CalendarChoiceCalendar */,
				8D543B97252D1A7900A64939 /* Choi-CalExtension */,
				8D7D275B254D877C00853530 /* CalendarIntent */,
			);
		};
/* End PBXProject section */

/* Begin PBXResourcesBuildPhase section */
		8D543B692529ACAC00A64939 /* Resources */ = {
			isa = PBXResourcesBuildPhase;
			buildActionMask = 2147483647;
			files = (
				8D543B762529ACAD00A64939 /* Preview Assets.xcassets in Resources */,
				8DB3F29F2608BEDC00E278C6 /* InfoPlist.strings in Resources */,
				8D543B8E252CA13600A64939 /* Localizable.strings in Resources */,
				8D543B732529ACAD00A64939 /* Assets.xcassets in Resources */,
			);
			runOnlyForDeploymentPostprocessing = 0;
		};
		8D543B96252D1A7900A64939 /* Resources */ = {
			isa = PBXResourcesBuildPhase;
			buildActionMask = 2147483647;
			files = (
				8D543BA3252D1A7A00A64939 /* Assets.xcassets in Resources */,
			);
			runOnlyForDeploymentPostprocessing = 0;
		};
		8D7D275A254D877C00853530 /* Resources */ = {
			isa = PBXResourcesBuildPhase;
			buildActionMask = 2147483647;
			files = (
			);
			runOnlyForDeploymentPostprocessing = 0;
		};
/* End PBXResourcesBuildPhase section */

/* Begin PBXSourcesBuildPhase section */
		8D543B672529ACAC00A64939 /* Sources */ = {
			isa = PBXSourcesBuildPhase;
			buildActionMask = 2147483647;
			files = (
				8D25D248254447F200E9ACDD /* EventListView.swift in Sources */,
				8D91C4D9253DBF2E006ABF39 /* CalendarView.swift in Sources */,
				8D543B782529ACAD00A64939 /* Persistence.swift in Sources */,
				8D91C4D5253DBC54006ABF39 /* NextEventView.swift in Sources */,
				8D543B712529ACAC00A64939 /* ContentView.swift in Sources */,
				8D543B7B2529ACAD00A64939 /* CalendarChoiceCalendar.xcdatamodeld in Sources */,
				8D543B842529DF7F00A64939 /* MainView.swift in Sources */,
				8DA8139F259E9A0800E5649C /* CopyEventView.swift in Sources */,
				8D543B882529E22300A64939 /* EventsModel.swift in Sources */,
				8D543B6F2529ACAC00A64939 /* CalendarChoiceCalendarApp.swift in Sources */,
				8D753D542563287B007386CB /* SettingView.swift in Sources */,
			);
			runOnlyForDeploymentPostprocessing = 0;
		};
		8D543B94252D1A7900A64939 /* Sources */ = {
			isa = PBXSourcesBuildPhase;
			buildActionMask = 2147483647;
			files = (
				8D7D268B254D82D000853530 /* Choi_Cal.intentdefinition in Sources */,
				8D543BA0252D1A7900A64939 /* Choi_Cal.swift in Sources */,
			);
			runOnlyForDeploymentPostprocessing = 0;
		};
		8D7D2758254D877C00853530 /* Sources */ = {
			isa = PBXSourcesBuildPhase;
			buildActionMask = 2147483647;
			files = (
				8DBAE35025589C2600C1AA1D /* Choi_Cal.intentdefinition in Sources */,
				8D7D275F254D877C00853530 /* IntentHandler.swift in Sources */,
			);
			runOnlyForDeploymentPostprocessing = 0;
		};
/* End PBXSourcesBuildPhase section */

/* Begin PBXTargetDependency section */
		8D543BA8252D1A7A00A64939 /* PBXTargetDependency */ = {
			isa = PBXTargetDependency;
			target = 8D543B97252D1A7900A64939 /* Choi-CalExtension */;
			targetProxy = 8D543BA7252D1A7A00A64939 /* PBXContainerItemProxy */;
		};
		8D7D2772254D877C00853530 /* PBXTargetDependency */ = {
			isa = PBXTargetDependency;
			target = 8D7D275B254D877C00853530 /* CalendarIntent */;
			targetProxy = 8D7D2771254D877C00853530 /* PBXContainerItemProxy */;
		};
/* End PBXTargetDependency section */

/* Begin PBXVariantGroup section */
		8D543B90252CA13600A64939 /* Localizable.strings */ = {
			isa = PBXVariantGroup;
			children = (
				8D543B8F252CA13600A64939 /* en */,
				8D543B92252CA16E00A64939 /* ja */,
			);
			name = Localizable.strings;
			sourceTree = "<group>";
		};
		8DB3F2A12608BEDC00E278C6 /* InfoPlist.strings */ = {
			isa = PBXVariantGroup;
			children = (
				8DB3F2A02608BEDC00E278C6 /* ja */,
			);
			name = InfoPlist.strings;
			sourceTree = "<group>";
		};
/* End PBXVariantGroup section */

/* Begin XCBuildConfiguration section */
		8D543B7D2529ACAD00A64939 /* Debug */ = {
			isa = XCBuildConfiguration;
			buildSettings = {
				ALWAYS_SEARCH_USER_PATHS = NO;
				CLANG_ANALYZER_LOCALIZABILITY_NONLOCALIZED = YES;
				CLANG_ANALYZER_NONNULL = YES;
				CLANG_ANALYZER_NUMBER_OBJECT_CONVERSION = YES_AGGRESSIVE;
				CLANG_CXX_LANGUAGE_STANDARD = "gnu++14";
				CLANG_CXX_LIBRARY = "libc++";
				CLANG_ENABLE_MODULES = YES;
				CLANG_ENABLE_OBJC_ARC = YES;
				CLANG_ENABLE_OBJC_WEAK = YES;
				CLANG_WARN_BLOCK_CAPTURE_AUTORELEASING = YES;
				CLANG_WARN_BOOL_CONVERSION = YES;
				CLANG_WARN_COMMA = YES;
				CLANG_WARN_CONSTANT_CONVERSION = YES;
				CLANG_WARN_DEPRECATED_OBJC_IMPLEMENTATIONS = YES;
				CLANG_WARN_DIRECT_OBJC_ISA_USAGE = YES_ERROR;
				CLANG_WARN_DOCUMENTATION_COMMENTS = YES;
				CLANG_WARN_EMPTY_BODY = YES;
				CLANG_WARN_ENUM_CONVERSION = YES;
				CLANG_WARN_INFINITE_RECURSION = YES;
				CLANG_WARN_INT_CONVERSION = YES;
				CLANG_WARN_NON_LITERAL_NULL_CONVERSION = YES;
				CLANG_WARN_OBJC_IMPLICIT_RETAIN_SELF = YES;
				CLANG_WARN_OBJC_LITERAL_CONVERSION = YES;
				CLANG_WARN_OBJC_ROOT_CLASS = YES_ERROR;
				CLANG_WARN_QUOTED_INCLUDE_IN_FRAMEWORK_HEADER = YES;
				CLANG_WARN_RANGE_LOOP_ANALYSIS = YES;
				CLANG_WARN_STRICT_PROTOTYPES = YES;
				CLANG_WARN_SUSPICIOUS_MOVE = YES;
				CLANG_WARN_UNGUARDED_AVAILABILITY = YES_AGGRESSIVE;
				CLANG_WARN_UNREACHABLE_CODE = YES;
				CLANG_WARN__DUPLICATE_METHOD_MATCH = YES;
				COPY_PHASE_STRIP = NO;
				DEBUG_INFORMATION_FORMAT = dwarf;
				ENABLE_STRICT_OBJC_MSGSEND = YES;
				ENABLE_TESTABILITY = YES;
				GCC_C_LANGUAGE_STANDARD = gnu11;
				GCC_DYNAMIC_NO_PIC = NO;
				GCC_NO_COMMON_BLOCKS = YES;
				GCC_OPTIMIZATION_LEVEL = 0;
				GCC_PREPROCESSOR_DEFINITIONS = (
					"DEBUG=1",
					"$(inherited)",
				);
				GCC_WARN_64_TO_32_BIT_CONVERSION = YES;
				GCC_WARN_ABOUT_RETURN_TYPE = YES_ERROR;
				GCC_WARN_UNDECLARED_SELECTOR = YES;
				GCC_WARN_UNINITIALIZED_AUTOS = YES_AGGRESSIVE;
				GCC_WARN_UNUSED_FUNCTION = YES;
				GCC_WARN_UNUSED_VARIABLE = YES;
				IPHONEOS_DEPLOYMENT_TARGET = 14.0;
				MTL_ENABLE_DEBUG_INFO = INCLUDE_SOURCE;
				MTL_FAST_MATH = YES;
				ONLY_ACTIVE_ARCH = YES;
				SDKROOT = iphoneos;
				SWIFT_ACTIVE_COMPILATION_CONDITIONS = DEBUG;
				SWIFT_OPTIMIZATION_LEVEL = "-Onone";
			};
			name = Debug;
		};
		8D543B7E2529ACAD00A64939 /* Release */ = {
			isa = XCBuildConfiguration;
			buildSettings = {
				ALWAYS_SEARCH_USER_PATHS = NO;
				CLANG_ANALYZER_LOCALIZABILITY_NONLOCALIZED = YES;
				CLANG_ANALYZER_NONNULL = YES;
				CLANG_ANALYZER_NUMBER_OBJECT_CONVERSION = YES_AGGRESSIVE;
				CLANG_CXX_LANGUAGE_STANDARD = "gnu++14";
				CLANG_CXX_LIBRARY = "libc++";
				CLANG_ENABLE_MODULES = YES;
				CLANG_ENABLE_OBJC_ARC = YES;
				CLANG_ENABLE_OBJC_WEAK = YES;
				CLANG_WARN_BLOCK_CAPTURE_AUTORELEASING = YES;
				CLANG_WARN_BOOL_CONVERSION = YES;
				CLANG_WARN_COMMA = YES;
				CLANG_WARN_CONSTANT_CONVERSION = YES;
				CLANG_WARN_DEPRECATED_OBJC_IMPLEMENTATIONS = YES;
				CLANG_WARN_DIRECT_OBJC_ISA_USAGE = YES_ERROR;
				CLANG_WARN_DOCUMENTATION_COMMENTS = YES;
				CLANG_WARN_EMPTY_BODY = YES;
				CLANG_WARN_ENUM_CONVERSION = YES;
				CLANG_WARN_INFINITE_RECURSION = YES;
				CLANG_WARN_INT_CONVERSION = YES;
				CLANG_WARN_NON_LITERAL_NULL_CONVERSION = YES;
				CLANG_WARN_OBJC_IMPLICIT_RETAIN_SELF = YES;
				CLANG_WARN_OBJC_LITERAL_CONVERSION = YES;
				CLANG_WARN_OBJC_ROOT_CLASS = YES_ERROR;
				CLANG_WARN_QUOTED_INCLUDE_IN_FRAMEWORK_HEADER = YES;
				CLANG_WARN_RANGE_LOOP_ANALYSIS = YES;
				CLANG_WARN_STRICT_PROTOTYPES = YES;
				CLANG_WARN_SUSPICIOUS_MOVE = YES;
				CLANG_WARN_UNGUARDED_AVAILABILITY = YES_AGGRESSIVE;
				CLANG_WARN_UNREACHABLE_CODE = YES;
				CLANG_WARN__DUPLICATE_METHOD_MATCH = YES;
				COPY_PHASE_STRIP = NO;
				DEBUG_INFORMATION_FORMAT = "dwarf-with-dsym";
				ENABLE_NS_ASSERTIONS = NO;
				ENABLE_STRICT_OBJC_MSGSEND = YES;
				GCC_C_LANGUAGE_STANDARD = gnu11;
				GCC_NO_COMMON_BLOCKS = YES;
				GCC_WARN_64_TO_32_BIT_CONVERSION = YES;
				GCC_WARN_ABOUT_RETURN_TYPE = YES_ERROR;
				GCC_WARN_UNDECLARED_SELECTOR = YES;
				GCC_WARN_UNINITIALIZED_AUTOS = YES_AGGRESSIVE;
				GCC_WARN_UNUSED_FUNCTION = YES;
				GCC_WARN_UNUSED_VARIABLE = YES;
				IPHONEOS_DEPLOYMENT_TARGET = 14.0;
				MTL_ENABLE_DEBUG_INFO = NO;
				MTL_FAST_MATH = YES;
				SDKROOT = iphoneos;
				SWIFT_COMPILATION_MODE = wholemodule;
				SWIFT_OPTIMIZATION_LEVEL = "-O";
				VALIDATE_PRODUCT = YES;
			};
			name = Release;
		};
		8D543B802529ACAD00A64939 /* Debug */ = {
			isa = XCBuildConfiguration;
			buildSettings = {
				ALWAYS_EMBED_SWIFT_STANDARD_LIBRARIES = YES;
				ASSETCATALOG_COMPILER_APPICON_NAME = AppIcon;
				ASSETCATALOG_COMPILER_GLOBAL_ACCENT_COLOR_NAME = AccentColor;
				CODE_SIGN_STYLE = Automatic;
				DEVELOPMENT_ASSET_PATHS = "\"CalendarChoiceCalendar/Preview Content\"";
				DEVELOPMENT_TEAM = 385NJ9XLA7;
				ENABLE_PREVIEWS = YES;
				INFOPLIST_FILE = CalendarChoiceCalendar/Info.plist;
				IPHONEOS_DEPLOYMENT_TARGET = 14.0;
				LD_RUNPATH_SEARCH_PATHS = (
					"$(inherited)",
					"@executable_path/Frameworks",
				);
				MARKETING_VERSION = 1.0;
				PRODUCT_BUNDLE_IDENTIFIER = jp.cloudsquare.ios.CalendarChoiceCalendar;
				PRODUCT_NAME = "$(TARGET_NAME)";
				SWIFT_VERSION = 5.0;
				TARGETED_DEVICE_FAMILY = "1,2";
			};
			name = Debug;
		};
		8D543B812529ACAD00A64939 /* Release */ = {
			isa = XCBuildConfiguration;
			buildSettings = {
				ALWAYS_EMBED_SWIFT_STANDARD_LIBRARIES = YES;
				ASSETCATALOG_COMPILER_APPICON_NAME = AppIcon;
				ASSETCATALOG_COMPILER_GLOBAL_ACCENT_COLOR_NAME = AccentColor;
				CODE_SIGN_STYLE = Automatic;
				DEVELOPMENT_ASSET_PATHS = "\"CalendarChoiceCalendar/Preview Content\"";
				DEVELOPMENT_TEAM = 385NJ9XLA7;
				ENABLE_PREVIEWS = YES;
				INFOPLIST_FILE = CalendarChoiceCalendar/Info.plist;
				IPHONEOS_DEPLOYMENT_TARGET = 14.0;
				LD_RUNPATH_SEARCH_PATHS = (
					"$(inherited)",
					"@executable_path/Frameworks",
				);
				MARKETING_VERSION = 1.0;
				PRODUCT_BUNDLE_IDENTIFIER = jp.cloudsquare.ios.CalendarChoiceCalendar;
				PRODUCT_NAME = "$(TARGET_NAME)";
				SWIFT_VERSION = 5.0;
				TARGETED_DEVICE_FAMILY = "1,2";
			};
			name = Release;
		};
		8D543BAB252D1A7A00A64939 /* Debug */ = {
			isa = XCBuildConfiguration;
			buildSettings = {
				ASSETCATALOG_COMPILER_GLOBAL_ACCENT_COLOR_NAME = AccentColor;
				ASSETCATALOG_COMPILER_WIDGET_BACKGROUND_COLOR_NAME = WidgetBackground;
				CODE_SIGN_STYLE = Automatic;
				DEVELOPMENT_TEAM = 385NJ9XLA7;
				INFOPLIST_FILE = "Choi-Cal/Info.plist";
				LD_RUNPATH_SEARCH_PATHS = (
					"$(inherited)",
					"@executable_path/Frameworks",
					"@executable_path/../../Frameworks",
				);
				PRODUCT_BUNDLE_IDENTIFIER = "jp.cloudsquare.ios.CalendarChoiceCalendar.Choi-Cal";
				PRODUCT_NAME = "$(TARGET_NAME)";
				SKIP_INSTALL = YES;
				SWIFT_VERSION = 5.0;
				TARGETED_DEVICE_FAMILY = "1,2";
			};
			name = Debug;
		};
		8D543BAC252D1A7A00A64939 /* Release */ = {
			isa = XCBuildConfiguration;
			buildSettings = {
				ASSETCATALOG_COMPILER_GLOBAL_ACCENT_COLOR_NAME = AccentColor;
				ASSETCATALOG_COMPILER_WIDGET_BACKGROUND_COLOR_NAME = WidgetBackground;
				CODE_SIGN_STYLE = Automatic;
				DEVELOPMENT_TEAM = 385NJ9XLA7;
				INFOPLIST_FILE = "Choi-Cal/Info.plist";
				LD_RUNPATH_SEARCH_PATHS = (
					"$(inherited)",
					"@executable_path/Frameworks",
					"@executable_path/../../Frameworks",
				);
				PRODUCT_BUNDLE_IDENTIFIER = "jp.cloudsquare.ios.CalendarChoiceCalendar.Choi-Cal";
				PRODUCT_NAME = "$(TARGET_NAME)";
				SKIP_INSTALL = YES;
				SWIFT_VERSION = 5.0;
				TARGETED_DEVICE_FAMILY = "1,2";
			};
			name = Release;
		};
		8D7D2778254D877C00853530 /* Debug */ = {
			isa = XCBuildConfiguration;
			buildSettings = {
				CODE_SIGN_STYLE = Automatic;
				DEVELOPMENT_TEAM = 385NJ9XLA7;
				INFOPLIST_FILE = CalendarIntent/Info.plist;
				IPHONEOS_DEPLOYMENT_TARGET = 14.1;
				LD_RUNPATH_SEARCH_PATHS = (
					"$(inherited)",
					"@executable_path/Frameworks",
					"@executable_path/../../Frameworks",
				);
				PRODUCT_BUNDLE_IDENTIFIER = jp.cloudsquare.ios.CalendarChoiceCalendar.CalendarIntent;
				PRODUCT_NAME = "$(TARGET_NAME)";
				SKIP_INSTALL = YES;
				SWIFT_VERSION = 5.0;
				TARGETED_DEVICE_FAMILY = "1,2";
			};
			name = Debug;
		};
		8D7D2779254D877C00853530 /* Release */ = {
			isa = XCBuildConfiguration;
			buildSettings = {
				CODE_SIGN_STYLE = Automatic;
				DEVELOPMENT_TEAM = 385NJ9XLA7;
				INFOPLIST_FILE = CalendarIntent/Info.plist;
				IPHONEOS_DEPLOYMENT_TARGET = 14.1;
				LD_RUNPATH_SEARCH_PATHS = (
					"$(inherited)",
					"@executable_path/Frameworks",
					"@executable_path/../../Frameworks",
				);
				PRODUCT_BUNDLE_IDENTIFIER = jp.cloudsquare.ios.CalendarChoiceCalendar.CalendarIntent;
				PRODUCT_NAME = "$(TARGET_NAME)";
				SKIP_INSTALL = YES;
				SWIFT_VERSION = 5.0;
				TARGETED_DEVICE_FAMILY = "1,2";
			};
			name = Release;
		};
/* End XCBuildConfiguration section */

/* Begin XCConfigurationList section */
		8D543B662529ACAC00A64939 /* Build configuration list for PBXProject "CalendarChoiceCalendar" */ = {
			isa = XCConfigurationList;
			buildConfigurations = (
				8D543B7D2529ACAD00A64939 /* Debug */,
				8D543B7E2529ACAD00A64939 /* Release */,
			);
			defaultConfigurationIsVisible = 0;
			defaultConfigurationName = Release;
		};
		8D543B7F2529ACAD00A64939 /* Build configuration list for PBXNativeTarget "CalendarChoiceCalendar" */ = {
			isa = XCConfigurationList;
			buildConfigurations = (
				8D543B802529ACAD00A64939 /* Debug */,
				8D543B812529ACAD00A64939 /* Release */,
			);
			defaultConfigurationIsVisible = 0;
			defaultConfigurationName = Release;
		};
		8D543BAA252D1A7A00A64939 /* Build configuration list for PBXNativeTarget "Choi-CalExtension" */ = {
			isa = XCConfigurationList;
			buildConfigurations = (
				8D543BAB252D1A7A00A64939 /* Debug */,
				8D543BAC252D1A7A00A64939 /* Release */,
			);
			defaultConfigurationIsVisible = 0;
			defaultConfigurationName = Release;
		};
		8D7D2777254D877C00853530 /* Build configuration list for PBXNativeTarget "CalendarIntent" */ = {
			isa = XCConfigurationList;
			buildConfigurations = (
				8D7D2778254D877C00853530 /* Debug */,
				8D7D2779254D877C00853530 /* Release */,
			);
			defaultConfigurationIsVisible = 0;
			defaultConfigurationName = Release;
		};
/* End XCConfigurationList section */

/* Begin XCVersionGroup section */
		8D543B792529ACAD00A64939 /* CalendarChoiceCalendar.xcdatamodeld */ = {
			isa = XCVersionGroup;
			children = (
				8D543B7A2529ACAD00A64939 /* CalendarChoiceCalendar.xcdatamodel */,
			);
			currentVersion = 8D543B7A2529ACAD00A64939 /* CalendarChoiceCalendar.xcdatamodel */;
			path = CalendarChoiceCalendar.xcdatamodeld;
			sourceTree = "<group>";
			versionGroupType = wrapper.xcdatamodel;
		};
/* End XCVersionGroup section */
	};
	rootObject = 8D543B632529ACAC00A64939 /* Project object */;
}
